
Microsoft Visual Studio Solution File, Format Version 11.00
# Visual Studio 2010
Project("{FAE04EC0-301F-11D3-BF4B-00C04F79EFBC}") = "ThinhKhaiManagement3.0", "ThinhKhaiManagement3.0\ThinhKhaiManagement3.0.csproj", "{B24949E5-AC49-4F95-A1AD-3579F24A7436}"
EndProject
Global
	GlobalSection(SolutionConfigurationPlatforms) = preSolution
		Debug|x86 = Debug|x86
		Release|x86 = Release|x86
	EndGlobalSection
	GlobalSection(ProjectConfigurationPlatforms) = postSolution
		{B24949E5-AC49-4F95-A1AD-3579F24A7436}.Debug|x86.ActiveCfg = Debug|x86
		{B24949E5-AC49-4F95-A1AD-3579F24A7436}.Debug|x86.Build.0 = Debug|x86
		{B24949E5-AC49-4F95-A1AD-3579F24A7436}.Release|x86.ActiveCfg = Release|x86
		{B24949E5-AC49-4F95-A1AD-3579F24A7436}.Release|x86.Build.0 = Release|x86
	EndGlobalSection
	GlobalSection(SolutionProperties) = preSolution
		HideSolutionNode = FALSE
	EndGlobalSection
EndGlobal
