
Microsoft Visual Studio Solution File, Format Version 11.00
# Visual Studio 2010
Project("{FAE04EC0-301F-11D3-BF4B-00C04F79EFBC}") = "ThinhKhaiManagement", "ThinhKhaiManagement\ThinhKhaiManagement.csproj", "{71EC7E84-1BC8-41F0-97D2-266AF1F7E24C}"
EndProject
Global
	GlobalSection(SolutionConfigurationPlatforms) = preSolution
		Debug|Any CPU = Debug|Any CPU
		Release|Any CPU = Release|Any CPU
	EndGlobalSection
	GlobalSection(ProjectConfigurationPlatforms) = postSolution
		{71EC7E84-1BC8-41F0-97D2-266AF1F7E24C}.Debug|Any CPU.ActiveCfg = Debug|Any CPU
		{71EC7E84-1BC8-41F0-97D2-266AF1F7E24C}.Debug|Any CPU.Build.0 = Debug|Any CPU
		{71EC7E84-1BC8-41F0-97D2-266AF1F7E24C}.Release|Any CPU.ActiveCfg = Release|Any CPU
		{71EC7E84-1BC8-41F0-97D2-266AF1F7E24C}.Release|Any CPU.Build.0 = Release|Any CPU
	EndGlobalSection
	GlobalSection(SolutionProperties) = preSolution
		HideSolutionNode = FALSE
	EndGlobalSection
EndGlobal
